
Microsoft Visual Studio Solution File, Format Version 12.00
# Visual Studio 15
VisualStudioVersion = 15.0.28307.106
MinimumVisualStudioVersion = 10.0.40219.1
Project("{D954291E-2A0B-460D-934E-DC6B0785DB48}") = "BloxShooter.SharedFiles", "BloxShooter.SharedFiles\BloxShooter.SharedFiles.shproj", "{A0CDBD0E-3A41-42B7-9425-A838BC2C7383}"
EndProject
Project("{FAE04EC0-301F-11D3-BF4B-00C04F79EFBC}") = "BloxShooter.DX", "BloxShooter.DX\BloxShooter.DX.csproj", "{1162AECF-9579-4DC0-8DE1-7E45C98B7B76}"
EndProject
Project("{FAE04EC0-301F-11D3-BF4B-00C04F79EFBC}") = "BloxShooter.StoreApp", "BloxShooter.StoreApp\BloxShooter.StoreApp.csproj", "{0B7A750D-3F41-4C59-A88B-76E72BDB1BB6}"
EndProject
Global
	GlobalSection(SharedMSBuildProjectFiles) = preSolution
		BloxShooter.SharedFiles\BloxShooter.SharedFiles.projitems*{0b7a750d-3f41-4c59-a88b-76e72bdb1bb6}*SharedItemsImports = 4
		BloxShooter.SharedFiles\BloxShooter.SharedFiles.projitems*{1162aecf-9579-4dc0-8de1-7e45c98b7b76}*SharedItemsImports = 4
		BloxShooter.SharedFiles\BloxShooter.SharedFiles.projitems*{a0cdbd0e-3a41-42b7-9425-a838bc2c7383}*SharedItemsImports = 13
	EndGlobalSection
	GlobalSection(SolutionConfigurationPlatforms) = preSolution
		Debug|ARM = Debug|ARM
		Debug|x64 = Debug|x64
		Debug|x86 = Debug|x86
		Release|ARM = Release|ARM
		Release|x64 = Release|x64
		Release|x86 = Release|x86
	EndGlobalSection
	GlobalSection(ProjectConfigurationPlatforms) = postSolution
		{1162AECF-9579-4DC0-8DE1-7E45C98B7B76}.Debug|ARM.ActiveCfg = Debug|x86
		{1162AECF-9579-4DC0-8DE1-7E45C98B7B76}.Debug|x64.ActiveCfg = Debug|x86
		{1162AECF-9579-4DC0-8DE1-7E45C98B7B76}.Debug|x86.ActiveCfg = Debug|x86
		{1162AECF-9579-4DC0-8DE1-7E45C98B7B76}.Debug|x86.Build.0 = Debug|x86
		{1162AECF-9579-4DC0-8DE1-7E45C98B7B76}.Release|ARM.ActiveCfg = Release|x86
		{1162AECF-9579-4DC0-8DE1-7E45C98B7B76}.Release|x64.ActiveCfg = Release|x86
		{1162AECF-9579-4DC0-8DE1-7E45C98B7B76}.Release|x86.ActiveCfg = Release|x86
		{1162AECF-9579-4DC0-8DE1-7E45C98B7B76}.Release|x86.Build.0 = Release|x86
		{0B7A750D-3F41-4C59-A88B-76E72BDB1BB6}.Debug|ARM.ActiveCfg = Debug|ARM
		{0B7A750D-3F41-4C59-A88B-76E72BDB1BB6}.Debug|ARM.Build.0 = Debug|ARM
		{0B7A750D-3F41-4C59-A88B-76E72BDB1BB6}.Debug|ARM.Deploy.0 = Debug|ARM
		{0B7A750D-3F41-4C59-A88B-76E72BDB1BB6}.Debug|x64.ActiveCfg = Debug|x64
		{0B7A750D-3F41-4C59-A88B-76E72BDB1BB6}.Debug|x64.Build.0 = Debug|x64
		{0B7A750D-3F41-4C59-A88B-76E72BDB1BB6}.Debug|x64.Deploy.0 = Debug|x64
		{0B7A750D-3F41-4C59-A88B-76E72BDB1BB6}.Debug|x86.ActiveCfg = Debug|x86
		{0B7A750D-3F41-4C59-A88B-76E72BDB1BB6}.Debug|x86.Build.0 = Debug|x86
		{0B7A750D-3F41-4C59-A88B-76E72BDB1BB6}.Debug|x86.Deploy.0 = Debug|x86
		{0B7A750D-3F41-4C59-A88B-76E72BDB1BB6}.Release|ARM.ActiveCfg = Release|ARM
		{0B7A750D-3F41-4C59-A88B-76E72BDB1BB6}.Release|ARM.Build.0 = Release|ARM
		{0B7A750D-3F41-4C59-A88B-76E72BDB1BB6}.Release|ARM.Deploy.0 = Release|ARM
		{0B7A750D-3F41-4C59-A88B-76E72BDB1BB6}.Release|x64.ActiveCfg = Release|x64
		{0B7A750D-3F41-4C59-A88B-76E72BDB1BB6}.Release|x64.Build.0 = Release|x64
		{0B7A750D-3F41-4C59-A88B-76E72BDB1BB6}.Release|x64.Deploy.0 = Release|x64
		{0B7A750D-3F41-4C59-A88B-76E72BDB1BB6}.Release|x86.ActiveCfg = Release|x86
		{0B7A750D-3F41-4C59-A88B-76E72BDB1BB6}.Release|x86.Build.0 = Release|x86
		{0B7A750D-3F41-4C59-A88B-76E72BDB1BB6}.Release|x86.Deploy.0 = Release|x86
	EndGlobalSection
	GlobalSection(SolutionProperties) = preSolution
		HideSolutionNode = FALSE
	EndGlobalSection
	GlobalSection(ExtensibilityGlobals) = postSolution
		SolutionGuid = {A851BC1B-CAAE-4D4C-AF04-F5A074FCB989}
	EndGlobalSection
EndGlobal
